
Microsoft Visual Studio Solution File, Format Version 11.00
# Visual Studio 2010
Project("{FAE04EC0-301F-11D3-BF4B-00C04F79EFBC}") = "AR Face Recognition - HoloLens", "Assembly-CSharp.csproj", "{A0B7AAB2-817F-D82A-2359-2513CDD3748F}"
EndProject
Project("{FAE04EC0-301F-11D3-BF4B-00C04F79EFBC}") = "AR Face Recognition - HoloLens", "Assembly-CSharp-Editor.csproj", "{D36717F7-E4C2-D464-0F19-142E09D4319C}"
EndProject
Global
	GlobalSection(SolutionConfigurationPlatforms) = preSolution
		Debug|Any CPU = Debug|Any CPU
		Release|Any CPU = Release|Any CPU
	EndGlobalSection
	GlobalSection(ProjectConfigurationPlatforms) = postSolution
		{A0B7AAB2-817F-D82A-2359-2513CDD3748F}.Debug|Any CPU.ActiveCfg = Debug|Any CPU
		{A0B7AAB2-817F-D82A-2359-2513CDD3748F}.Debug|Any CPU.Build.0 = Debug|Any CPU
		{A0B7AAB2-817F-D82A-2359-2513CDD3748F}.Release|Any CPU.ActiveCfg = Release|Any CPU
		{A0B7AAB2-817F-D82A-2359-2513CDD3748F}.Release|Any CPU.Build.0 = Release|Any CPU
		{D36717F7-E4C2-D464-0F19-142E09D4319C}.Debug|Any CPU.ActiveCfg = Debug|Any CPU
		{D36717F7-E4C2-D464-0F19-142E09D4319C}.Debug|Any CPU.Build.0 = Debug|Any CPU
		{D36717F7-E4C2-D464-0F19-142E09D4319C}.Release|Any CPU.ActiveCfg = Release|Any CPU
		{D36717F7-E4C2-D464-0F19-142E09D4319C}.Release|Any CPU.Build.0 = Release|Any CPU
	EndGlobalSection
	GlobalSection(SolutionProperties) = preSolution
		HideSolutionNode = FALSE
	EndGlobalSection
	GlobalSection(MonoDevelopProperties) = preSolution
		StartupItem = Assembly-CSharp.csproj
	EndGlobalSection
EndGlobal
